
Microsoft Visual Studio Solution File, Format Version 12.00
# Visual Studio Version 17
VisualStudioVersion = 17.4.33110.190
MinimumVisualStudioVersion = 10.0.40219.1
Project("{FAE04EC0-301F-11D3-BF4B-00C04F79EFBC}") = "SaudeTop5", "SaudeTop5\SaudeTop5.csproj", "{775141A2-2C6B-4A24-BF87-25D2BAA4BE2E}"
EndProject
Global
	GlobalSection(SolutionConfigurationPlatforms) = preSolution
		Debug|Any CPU = Debug|Any CPU
		Release|Any CPU = Release|Any CPU
	EndGlobalSection
	GlobalSection(ProjectConfigurationPlatforms) = postSolution
		{775141A2-2C6B-4A24-BF87-25D2BAA4BE2E}.Debug|Any CPU.ActiveCfg = Debug|Any CPU
		{775141A2-2C6B-4A24-BF87-25D2BAA4BE2E}.Debug|Any CPU.Build.0 = Debug|Any CPU
		{775141A2-2C6B-4A24-BF87-25D2BAA4BE2E}.Release|Any CPU.ActiveCfg = Release|Any CPU
		{775141A2-2C6B-4A24-BF87-25D2BAA4BE2E}.Release|Any CPU.Build.0 = Release|Any CPU
	EndGlobalSection
	GlobalSection(SolutionProperties) = preSolution
		HideSolutionNode = FALSE
	EndGlobalSection
	GlobalSection(ExtensibilityGlobals) = postSolution
		SolutionGuid = {99496991-4605-4C2E-92B1-E69B37A0B911}
	EndGlobalSection
EndGlobal
